
Microsoft Visual Studio Solution File, Format Version 12.00
# Visual Studio Version 17
VisualStudioVersion = 17.1.32328.378
MinimumVisualStudioVersion = 10.0.40219.1
Project("{9A19103F-16F7-4668-BE54-9A1E7A4F7556}") = "ChuckNorris.Api", "ChuckNorris.Api\ChuckNorris.Api.csproj", "{988FE53D-50E1-4CBA-9526-FFEC726F50A7}"
EndProject
Project("{2150E333-8FDC-42A3-9474-1A3956D46DE8}") = "Solution Items", "Solution Items", "{D65D0488-B8CD-4FF7-930A-521B10DD3B01}"
	ProjectSection(SolutionItems) = preProject
		..\.gitignore = ..\.gitignore
		ReadMe.md = ReadMe.md
	EndProjectSection
EndProject
Global
	GlobalSection(SolutionConfigurationPlatforms) = preSolution
		Debug|Any CPU = Debug|Any CPU
		Release|Any CPU = Release|Any CPU
	EndGlobalSection
	GlobalSection(ProjectConfigurationPlatforms) = postSolution
		{988FE53D-50E1-4CBA-9526-FFEC726F50A7}.Debug|Any CPU.ActiveCfg = Debug|Any CPU
		{988FE53D-50E1-4CBA-9526-FFEC726F50A7}.Debug|Any CPU.Build.0 = Debug|Any CPU
		{988FE53D-50E1-4CBA-9526-FFEC726F50A7}.Release|Any CPU.ActiveCfg = Release|Any CPU
		{988FE53D-50E1-4CBA-9526-FFEC726F50A7}.Release|Any CPU.Build.0 = Release|Any CPU
	EndGlobalSection
	GlobalSection(SolutionProperties) = preSolution
		HideSolutionNode = FALSE
	EndGlobalSection
	GlobalSection(ExtensibilityGlobals) = postSolution
		SolutionGuid = {334FC1E1-AC6D-4A54-AE47-5ABCFF76BE15}
	EndGlobalSection
EndGlobal
