
Microsoft Visual Studio Solution File, Format Version 12.00
# Visual Studio Version 16
VisualStudioVersion = 16.0.31410.357
MinimumVisualStudioVersion = 10.0.40219.1
Project("{9A19103F-16F7-4668-BE54-9A1E7A4F7556}") = "ChuckNorris.Api", "ChuckNorris.Api\ChuckNorris.Api.csproj", "{988FE53D-50E1-4CBA-9526-FFEC726F50A7}"
EndProject
Project("{2150E333-8FDC-42A3-9474-1A3956D46DE8}") = "Solution Items", "Solution Items", "{D65D0488-B8CD-4FF7-930A-521B10DD3B01}"
	ProjectSection(SolutionItems) = preProject
		..\.gitignore = ..\.gitignore
		ReadMe.md = ReadMe.md
	EndProjectSection
EndProject
Project("{FAE04EC0-301F-11D3-BF4B-00C04F79EFBC}") = "ChuckNorris.Facades", "ChuckNorris.Facades\ChuckNorris.Facades.csproj", "{3B9E1903-EC2C-4C2D-AD16-7DF63D56698F}"
EndProject
Project("{FAE04EC0-301F-11D3-BF4B-00C04F79EFBC}") = "ChuckNorris.Services", "ChuckNorris.Services\ChuckNorris.Services.csproj", "{CADDA5A8-66FA-47F2-85A4-674B79FE7D6C}"
EndProject
Project("{FAE04EC0-301F-11D3-BF4B-00C04F79EFBC}") = "ChuckNorris.Tests", "ChuckNorris.Tests\ChuckNorris.Tests.csproj", "{4B74CB30-C244-42D7-A6AC-ECF80EFEB33F}"
EndProject
Project("{FAE04EC0-301F-11D3-BF4B-00C04F79EFBC}") = "ChuckNorris.Models", "ChuckNorris.Models\ChuckNorris.Models.csproj", "{99FFFC26-4909-42FF-9021-6924B2377BA5}"
EndProject
Global
	GlobalSection(SolutionConfigurationPlatforms) = preSolution
		Debug|Any CPU = Debug|Any CPU
		Release|Any CPU = Release|Any CPU
	EndGlobalSection
	GlobalSection(ProjectConfigurationPlatforms) = postSolution
		{988FE53D-50E1-4CBA-9526-FFEC726F50A7}.Debug|Any CPU.ActiveCfg = Debug|Any CPU
		{988FE53D-50E1-4CBA-9526-FFEC726F50A7}.Debug|Any CPU.Build.0 = Debug|Any CPU
		{988FE53D-50E1-4CBA-9526-FFEC726F50A7}.Release|Any CPU.ActiveCfg = Release|Any CPU
		{988FE53D-50E1-4CBA-9526-FFEC726F50A7}.Release|Any CPU.Build.0 = Release|Any CPU
		{3B9E1903-EC2C-4C2D-AD16-7DF63D56698F}.Debug|Any CPU.ActiveCfg = Debug|Any CPU
		{3B9E1903-EC2C-4C2D-AD16-7DF63D56698F}.Debug|Any CPU.Build.0 = Debug|Any CPU
		{3B9E1903-EC2C-4C2D-AD16-7DF63D56698F}.Release|Any CPU.ActiveCfg = Release|Any CPU
		{3B9E1903-EC2C-4C2D-AD16-7DF63D56698F}.Release|Any CPU.Build.0 = Release|Any CPU
		{CADDA5A8-66FA-47F2-85A4-674B79FE7D6C}.Debug|Any CPU.ActiveCfg = Debug|Any CPU
		{CADDA5A8-66FA-47F2-85A4-674B79FE7D6C}.Debug|Any CPU.Build.0 = Debug|Any CPU
		{CADDA5A8-66FA-47F2-85A4-674B79FE7D6C}.Release|Any CPU.ActiveCfg = Release|Any CPU
		{CADDA5A8-66FA-47F2-85A4-674B79FE7D6C}.Release|Any CPU.Build.0 = Release|Any CPU
		{4B74CB30-C244-42D7-A6AC-ECF80EFEB33F}.Debug|Any CPU.ActiveCfg = Debug|Any CPU
		{4B74CB30-C244-42D7-A6AC-ECF80EFEB33F}.Debug|Any CPU.Build.0 = Debug|Any CPU
		{4B74CB30-C244-42D7-A6AC-ECF80EFEB33F}.Release|Any CPU.ActiveCfg = Release|Any CPU
		{4B74CB30-C244-42D7-A6AC-ECF80EFEB33F}.Release|Any CPU.Build.0 = Release|Any CPU
		{99FFFC26-4909-42FF-9021-6924B2377BA5}.Debug|Any CPU.ActiveCfg = Debug|Any CPU
		{99FFFC26-4909-42FF-9021-6924B2377BA5}.Debug|Any CPU.Build.0 = Debug|Any CPU
		{99FFFC26-4909-42FF-9021-6924B2377BA5}.Release|Any CPU.ActiveCfg = Release|Any CPU
		{99FFFC26-4909-42FF-9021-6924B2377BA5}.Release|Any CPU.Build.0 = Release|Any CPU
	EndGlobalSection
	GlobalSection(SolutionProperties) = preSolution
		HideSolutionNode = FALSE
	EndGlobalSection
	GlobalSection(ExtensibilityGlobals) = postSolution
		SolutionGuid = {334FC1E1-AC6D-4A54-AE47-5ABCFF76BE15}
	EndGlobalSection
EndGlobal
